
Microsoft Visual Studio Solution File, Format Version 12.00
# Visual Studio Version 17
VisualStudioVersion = 17.7.34024.191
MinimumVisualStudioVersion = 10.0.40219.1
Project("{FAE04EC0-301F-11D3-BF4B-00C04F79EFBC}") = "View", "threeLayerTest\View.csproj", "{E4955C0E-2F6F-4C03-BC55-D497DA766E92}"
EndProject
Project("{FAE04EC0-301F-11D3-BF4B-00C04F79EFBC}") = "Core", "Core\Core.csproj", "{193C28CA-B4D8-4CC8-975C-A9F11267F166}"
EndProject
Project("{FAE04EC0-301F-11D3-BF4B-00C04F79EFBC}") = "Dal", "Dal\Dal.csproj", "{6829D73D-31DF-4991-BB46-6E90F04537C1}"
EndProject
Global
	GlobalSection(SolutionConfigurationPlatforms) = preSolution
		Debug|Any CPU = Debug|Any CPU
		Release|Any CPU = Release|Any CPU
	EndGlobalSection
	GlobalSection(ProjectConfigurationPlatforms) = postSolution
		{E4955C0E-2F6F-4C03-BC55-D497DA766E92}.Debug|Any CPU.ActiveCfg = Debug|Any CPU
		{E4955C0E-2F6F-4C03-BC55-D497DA766E92}.Debug|Any CPU.Build.0 = Debug|Any CPU
		{E4955C0E-2F6F-4C03-BC55-D497DA766E92}.Release|Any CPU.ActiveCfg = Release|Any CPU
		{E4955C0E-2F6F-4C03-BC55-D497DA766E92}.Release|Any CPU.Build.0 = Release|Any CPU
		{193C28CA-B4D8-4CC8-975C-A9F11267F166}.Debug|Any CPU.ActiveCfg = Debug|Any CPU
		{193C28CA-B4D8-4CC8-975C-A9F11267F166}.Debug|Any CPU.Build.0 = Debug|Any CPU
		{193C28CA-B4D8-4CC8-975C-A9F11267F166}.Release|Any CPU.ActiveCfg = Release|Any CPU
		{193C28CA-B4D8-4CC8-975C-A9F11267F166}.Release|Any CPU.Build.0 = Release|Any CPU
		{6829D73D-31DF-4991-BB46-6E90F04537C1}.Debug|Any CPU.ActiveCfg = Debug|Any CPU
		{6829D73D-31DF-4991-BB46-6E90F04537C1}.Debug|Any CPU.Build.0 = Debug|Any CPU
		{6829D73D-31DF-4991-BB46-6E90F04537C1}.Release|Any CPU.ActiveCfg = Release|Any CPU
		{6829D73D-31DF-4991-BB46-6E90F04537C1}.Release|Any CPU.Build.0 = Release|Any CPU
	EndGlobalSection
	GlobalSection(SolutionProperties) = preSolution
		HideSolutionNode = FALSE
	EndGlobalSection
	GlobalSection(ExtensibilityGlobals) = postSolution
		SolutionGuid = {66DDB4B9-AE7F-4988-A818-18832D9AD561}
	EndGlobalSection
EndGlobal
